// !$*UTF8*$!
{
	archiveVersion = 1;
	classes = {
	};
	objectVersion = 46;
	objects = {

/* Begin PBXBuildFile section */
		344061F51C1996700042AF8A /* main.m in Sources */ = {isa = PBXBuildFile; fileRef = 344061F41C1996700042AF8A /* main.m */; };
		344061F81C1996700042AF8A /* AppDelegate.m in Sources */ = {isa = PBXBuildFile; fileRef = 344061F71C1996700042AF8A /* AppDelegate.m */; };
		344061FB1C1996700042AF8A /* ViewController.m in Sources */ = {isa = PBXBuildFile; fileRef = 344061FA1C1996700042AF8A /* ViewController.m */; };
		344061FE1C1996700042AF8A /* Main.storyboard in Resources */ = {isa = PBXBuildFile; fileRef = 344061FC1C1996700042AF8A /* Main.storyboard */; };
		344062001C1996700042AF8A /* Assets.xcassets in Resources */ = {isa = PBXBuildFile; fileRef = 344061FF1C1996700042AF8A /* Assets.xcassets */; };
		344062031C1996700042AF8A /* LaunchScreen.storyboard in Resources */ = {isa = PBXBuildFile; fileRef = 344062011C1996700042AF8A /* LaunchScreen.storyboard */; };
		3440620E1C1996700042AF8A /* SoceketTests.m in Sources */ = {isa = PBXBuildFile; fileRef = 3440620D1C1996700042AF8A /* SoceketTests.m */; };
		344062191C1996700042AF8A /* SoceketUITests.m in Sources */ = {isa = PBXBuildFile; fileRef = 344062181C1996700042AF8A /* SoceketUITests.m */; };
/* End PBXBuildFile section */

/* Begin PBXContainerItemProxy section */
		3440620A1C1996700042AF8A /* PBXContainerItemProxy */ = {
			isa = PBXContainerItemProxy;
			containerPortal = 344061E81C1996700042AF8A /* Project object */;
			proxyType = 1;
			remoteGlobalIDString = 344061EF1C1996700042AF8A;
			remoteInfo = Soceket;
		};
		344062151C1996700042AF8A /* PBXContainerItemProxy */ = {
			isa = PBXContainerItemProxy;
			containerPortal = 344061E81C1996700042AF8A /* Project object */;
			proxyType = 1;
			remoteGlobalIDString = 344061EF1C1996700042AF8A;
			remoteInfo = Soceket;
		};
/* End PBXContainerItemProxy section */

/* Begin PBXFileReference section */
		344061F01C1996700042AF8A /* Soceket.app */ = {isa = PBXFileReference; explicitFileType = wrapper.application; includeInIndex = 0; path = Soceket.app; sourceTree = BUILT_PRODUCTS_DIR; };
		344061F41C1996700042AF8A /* main.m */ = {isa = PBXFileReference; lastKnownFileType = sourcecode.c.objc; path = main.m; sourceTree = "<group>"; };
		344061F61C1996700042AF8A /* AppDelegate.h */ = {isa = PBXFileReference; lastKnownFileType = sourcecode.c.h; path = AppDelegate.h; sourceTree = "<group>"; };
		344061F71C1996700042AF8A /* AppDelegate.m */ = {isa = PBXFileReference; lastKnownFileType = sourcecode.c.objc; path = AppDelegate.m; sourceTree = "<group>"; };
		344061F91C1996700042AF8A /* ViewController.h */ = {isa = PBXFileReference; lastKnownFileType = sourcecode.c.h; path = ViewController.h; sourceTree = "<group>"; };
		344061FA1C1996700042AF8A /* ViewController.m */ = {isa = PBXFileReference; lastKnownFileType = sourcecode.c.objc; path = ViewController.m; sourceTree = "<group>"; };
		344061FD1C1996700042AF8A /* Base */ = {isa = PBXFileReference; lastKnownFileType = file.storyboard; name = Base; path = Base.lproj/Main.storyboard; sourceTree = "<group>"; };
		344061FF1C1996700042AF8A /* Assets.xcassets */ = {isa = PBXFileReference; lastKnownFileType = folder.assetcatalog; path = Assets.xcassets; sourceTree = "<group>"; };
		344062021C1996700042AF8A /* Base */ = {isa = PBXFileReference; lastKnownFileType = file.storyboard; name = Base; path = Base.lproj/LaunchScreen.storyboard; sourceTree = "<group>"; };
		344062041C1996700042AF8A /* Info.plist */ = {isa = PBXFileReference; lastKnownFileType = text.plist.xml; path = Info.plist; sourceTree = "<group>"; };
		344062091C1996700042AF8A /* SoceketTests.xctest */ = {isa = PBXFileReference; explicitFileType = wrapper.cfbundle; includeInIndex = 0; path = SoceketTests.xctest; sourceTree = BUILT_PRODUCTS_DIR; };
		3440620D1C1996700042AF8A /* SoceketTests.m */ = {isa = PBXFileReference; lastKnownFileType = sourcecode.c.objc; path = SoceketTests.m; sourceTree = "<group>"; };
		3440620F1C1996700042AF8A /* Info.plist */ = {isa = PBXFileReference; lastKnownFileType = text.plist.xml; path = Info.plist; sourceTree = "<group>"; };
		344062141C1996700042AF8A /* SoceketUITests.xctest */ = {isa = PBXFileReference; explicitFileType = wrapper.cfbundle; includeInIndex = 0; path = SoceketUITests.xctest; sourceTree = BUILT_PRODUCTS_DIR; };
		344062181C1996700042AF8A /* SoceketUITests.m */ = {isa = PBXFileReference; lastKnownFileType = sourcecode.c.objc; path = SoceketUITests.m; sourceTree = "<group>"; };
		3440621A1C1996700042AF8A /* Info.plist */ = {isa = PBXFileReference; lastKnownFileType = text.plist.xml; path = Info.plist; sourceTree = "<group>"; };
/* End PBXFileReference section */

/* Begin PBXFrameworksBuildPhase section */
		344061ED1C1996700042AF8A /* Frameworks */ = {
			isa = PBXFrameworksBuildPhase;
			buildActionMask = 2147483647;
			files = (
			);
			runOnlyForDeploymentPostprocessing = 0;
		};
		344062061C1996700042AF8A /* Frameworks */ = {
			isa = PBXFrameworksBuildPhase;
			buildActionMask = 2147483647;
			files = (
			);
			runOnlyForDeploymentPostprocessing = 0;
		};
		344062111C1996700042AF8A /* Frameworks */ = {
			isa = PBXFrameworksBuildPhase;
			buildActionMask = 2147483647;
			files = (
			);
			runOnlyForDeploymentPostprocessing = 0;
		};
/* End PBXFrameworksBuildPhase section */

/* Begin PBXGroup section */
		344061E71C1996700042AF8A = {
			isa = PBXGroup;
			children = (
				344061F21C1996700042AF8A /* Soceket */,
				3440620C1C1996700042AF8A /* SoceketTests */,
				344062171C1996700042AF8A /* SoceketUITests */,
				344061F11C1996700042AF8A /* Products */,
			);
			sourceTree = "<group>";
		};
		344061F11C1996700042AF8A /* Products */ = {
			isa = PBXGroup;
			children = (
				344061F01C1996700042AF8A /* Soceket.app */,
				344062091C1996700042AF8A /* SoceketTests.xctest */,
				344062141C1996700042AF8A /* SoceketUITests.xctest */,
			);
			name = Products;
			sourceTree = "<group>";
		};
		344061F21C1996700042AF8A /* Soceket */ = {
			isa = PBXGroup;
			children = (
				344061F61C1996700042AF8A /* AppDelegate.h */,
				344061F71C1996700042AF8A /* AppDelegate.m */,
				344061F91C1996700042AF8A /* ViewController.h */,
				344061FA1C1996700042AF8A /* ViewController.m */,
				344061FC1C1996700042AF8A /* Main.storyboard */,
				344061FF1C1996700042AF8A /* Assets.xcassets */,
				344062011C1996700042AF8A /* LaunchScreen.storyboard */,
				344062041C1996700042AF8A /* Info.plist */,
				344061F31C1996700042AF8A /* Supporting Files */,
			);
			path = Soceket;
			sourceTree = "<group>";
		};
		344061F31C1996700042AF8A /* Supporting Files */ = {
			isa = PBXGroup;
			children = (
				344061F41C1996700042AF8A /* main.m */,
			);
			name = "Supporting Files";
			sourceTree = "<group>";
		};
		3440620C1C1996700042AF8A /* SoceketTests */ = {
			isa = PBXGroup;
			children = (
				3440620D1C1996700042AF8A /* SoceketTests.m */,
				3440620F1C1996700042AF8A /* Info.plist */,
			);
			path = SoceketTests;
			sourceTree = "<group>";
		};
		344062171C1996700042AF8A /* SoceketUITests */ = {
			isa = PBXGroup;
			children = (
				344062181C1996700042AF8A /* SoceketUITests.m */,
				3440621A1C1996700042AF8A /* Info.plist */,
			);
			path = SoceketUITests;
			sourceTree = "<group>";
		};
/* End PBXGroup section */

/* Begin PBXNativeTarget section */
		344061EF1C1996700042AF8A /* Soceket */ = {
			isa = PBXNativeTarget;
			buildConfigurationList = 3440621D1C1996700042AF8A /* Build configuration list for PBXNativeTarget "Soceket" */;
			buildPhases = (
				344061EC1C1996700042AF8A /* Sources */,
				344061ED1C1996700042AF8A /* Frameworks */,
				344061EE1C1996700042AF8A /* Resources */,
			);
			buildRules = (
			);
			dependencies = (
			);
			name = Soceket;
			productName = Soceket;
			productReference = 344061F01C1996700042AF8A /* Soceket.app */;
			productType = "com.apple.product-type.application";
		};
		344062081C1996700042AF8A /* SoceketTests */ = {
			isa = PBXNativeTarget;
			buildConfigurationList = 344062201C1996700042AF8A /* Build configuration list for PBXNativeTarget "SoceketTests" */;
			buildPhases = (
				344062051C1996700042AF8A /* Sources */,
				344062061C1996700042AF8A /* Frameworks */,
				344062071C1996700042AF8A /* Resources */,
			);
			buildRules = (
			);
			dependencies = (
				3440620B1C1996700042AF8A /* PBXTargetDependency */,
			);
			name = SoceketTests;
			productName = SoceketTests;
			productReference = 344062091C1996700042AF8A /* SoceketTests.xctest */;
			productType = "com.apple.product-type.bundle.unit-test";
		};
		344062131C1996700042AF8A /* SoceketUITests */ = {
			isa = PBXNativeTarget;
			buildConfigurationList = 344062231C1996700042AF8A /* Build configuration list for PBXNativeTarget "SoceketUITests" */;
			buildPhases = (
				344062101C1996700042AF8A /* Sources */,
				344062111C1996700042AF8A /* Frameworks */,
				344062121C1996700042AF8A /* Resources */,
			);
			buildRules = (
			);
			dependencies = (
				344062161C1996700042AF8A /* PBXTargetDependency */,
			);
			name = SoceketUITests;
			productName = SoceketUITests;
			productReference = 344062141C1996700042AF8A /* SoceketUITests.xctest */;
			productType = "com.apple.product-type.bundle.ui-testing";
		};
/* End PBXNativeTarget section */

/* Begin PBXProject section */
		344061E81C1996700042AF8A /* Project object */ = {
			isa = PBXProject;
			attributes = {
				LastUpgradeCheck = 0710;
				ORGANIZATIONNAME = "zhang xu";
				TargetAttributes = {
					344061EF1C1996700042AF8A = {
						CreatedOnToolsVersion = 7.1;
					};
					344062081C1996700042AF8A = {
						CreatedOnToolsVersion = 7.1;
						TestTargetID = 344061EF1C1996700042AF8A;
					};
					344062131C1996700042AF8A = {
						CreatedOnToolsVersion = 7.1;
						TestTargetID = 344061EF1C1996700042AF8A;
					};
				};
			};
			buildConfigurationList = 344061EB1C1996700042AF8A /* Build configuration list for PBXProject "Soceket" */;
			compatibilityVersion = "Xcode 3.2";
			developmentRegion = English;
			hasScannedForEncodings = 0;
			knownRegions = (
				en,
				Base,
			);
			mainGroup = 344061E71C1996700042AF8A;
			productRefGroup = 344061F11C1996700042AF8A /* Products */;
			projectDirPath = "";
			projectRoot = "";
			targets = (
				344061EF1C1996700042AF8A /* Soceket */,
				344062081C1996700042AF8A /* SoceketTests */,
				344062131C1996700042AF8A /* SoceketUITests */,
			);
		};
/* End PBXProject section */

/* Begin PBXResourcesBuildPhase section */
		344061EE1C1996700042AF8A /* Resources */ = {
			isa = PBXResourcesBuildPhase;
			buildActionMask = 2147483647;
			files = (
				344062031C1996700042AF8A /* LaunchScreen.storyboard in Resources */,
				344062001C1996700042AF8A /* Assets.xcassets in Resources */,
				344061FE1C1996700042AF8A /* Main.storyboard in Resources */,
			);
			runOnlyForDeploymentPostprocessing = 0;
		};
		344062071C1996700042AF8A /* Resources */ = {
			isa = PBXResourcesBuildPhase;
			buildActionMask = 2147483647;
			files = (
			);
			runOnlyForDeploymentPostprocessing = 0;
		};
		344062121C1996700042AF8A /* Resources */ = {
			isa = PBXResourcesBuildPhase;
			buildActionMask = 2147483647;
			files = (
			);
			runOnlyForDeploymentPostprocessing = 0;
		};
/* End PBXResourcesBuildPhase section */

/* Begin PBXSourcesBuildPhase section */
		344061EC1C1996700042AF8A /* Sources */ = {
			isa = PBXSourcesBuildPhase;
			buildActionMask = 2147483647;
			files = (
				344061FB1C1996700042AF8A /* ViewController.m in Sources */,
				344061F81C1996700042AF8A /* AppDelegate.m in Sources */,
				344061F51C1996700042AF8A /* main.m in Sources */,
			);
			runOnlyForDeploymentPostprocessing = 0;
		};
		344062051C1996700042AF8A /* Sources */ = {
			isa = PBXSourcesBuildPhase;
			buildActionMask = 2147483647;
			files = (
				3440620E1C1996700042AF8A /* SoceketTests.m in Sources */,
			);
			runOnlyForDeploymentPostprocessing = 0;
		};
		344062101C1996700042AF8A /* Sources */ = {
			isa = PBXSourcesBuildPhase;
			buildActionMask = 2147483647;
			files = (
				344062191C1996700042AF8A /* SoceketUITests.m in Sources */,
			);
			runOnlyForDeploymentPostprocessing = 0;
		};
/* End PBXSourcesBuildPhase section */

/* Begin PBXTargetDependency section */
		3440620B1C1996700042AF8A /* PBXTargetDependency */ = {
			isa = PBXTargetDependency;
			target = 344061EF1C1996700042AF8A /* Soceket */;
			targetProxy = 3440620A1C1996700042AF8A /* PBXContainerItemProxy */;
		};
		344062161C1996700042AF8A /* PBXTargetDependency */ = {
			isa = PBXTargetDependency;
			target = 344061EF1C1996700042AF8A /* Soceket */;
			targetProxy = 344062151C1996700042AF8A /* PBXContainerItemProxy */;
		};
/* End PBXTargetDependency section */

/* Begin PBXVariantGroup section */
		344061FC1C1996700042AF8A /* Main.storyboard */ = {
			isa = PBXVariantGroup;
			children = (
				344061FD1C1996700042AF8A /* Base */,
			);
			name = Main.storyboard;
			sourceTree = "<group>";
		};
		344062011C1996700042AF8A /* LaunchScreen.storyboard */ = {
			isa = PBXVariantGroup;
			children = (
				344062021C1996700042AF8A /* Base */,
			);
			name = LaunchScreen.storyboard;
			sourceTree = "<group>";
		};
/* End PBXVariantGroup section */

/* Begin XCBuildConfiguration section */
		3440621B1C1996700042AF8A /* Debug */ = {
			isa = XCBuildConfiguration;
			buildSettings = {
				ALWAYS_SEARCH_USER_PATHS = NO;
				CLANG_CXX_LANGUAGE_STANDARD = "gnu++0x";
				CLANG_CXX_LIBRARY = "libc++";
				CLANG_ENABLE_MODULES = YES;
				CLANG_ENABLE_OBJC_ARC = YES;
				CLANG_WARN_BOOL_CONVERSION = YES;
				CLANG_WARN_CONSTANT_CONVERSION = YES;
				CLANG_WARN_DIRECT_OBJC_ISA_USAGE = YES_ERROR;
				CLANG_WARN_EMPTY_BODY = YES;
				CLANG_WARN_ENUM_CONVERSION = YES;
				CLANG_WARN_INT_CONVERSION = YES;
				CLANG_WARN_OBJC_ROOT_CLASS = YES_ERROR;
				CLANG_WARN_UNREACHABLE_CODE = YES;
				CLANG_WARN__DUPLICATE_METHOD_MATCH = YES;
				"CODE_SIGN_IDENTITY[sdk=iphoneos*]" = "iPhone Developer";
				COPY_PHASE_STRIP = NO;
				DEBUG_INFORMATION_FORMAT = dwarf;
				ENABLE_STRICT_OBJC_MSGSEND = YES;
				ENABLE_TESTABILITY = YES;
				GCC_C_LANGUAGE_STANDARD = gnu99;
				GCC_DYNAMIC_NO_PIC = NO;
				GCC_NO_COMMON_BLOCKS = YES;
				GCC_OPTIMIZATION_LEVEL = 0;
				GCC_PREPROCESSOR_DEFINITIONS = (
					"DEBUG=1",
					"$(inherited)",
				);
				GCC_WARN_64_TO_32_BIT_CONVERSION = YES;
				GCC_WARN_ABOUT_RETURN_TYPE = YES_ERROR;
				GCC_WARN_UNDECLARED_SELECTOR = YES;
				GCC_WARN_UNINITIALIZED_AUTOS = YES_AGGRESSIVE;
				GCC_WARN_UNUSED_FUNCTION = YES;
				GCC_WARN_UNUSED_VARIABLE = YES;
				IPHONEOS_DEPLOYMENT_TARGET = 9.1;
				MTL_ENABLE_DEBUG_INFO = YES;
				ONLY_ACTIVE_ARCH = YES;
				SDKROOT = iphoneos;
			};
			name = Debug;
		};
		3440621C1C1996700042AF8A /* Release */ = {
			isa = XCBuildConfiguration;
			buildSettings = {
				ALWAYS_SEARCH_USER_PATHS = NO;
				CLANG_CXX_LANGUAGE_STANDARD = "gnu++0x";
				CLANG_CXX_LIBRARY = "libc++";
				CLANG_ENABLE_MODULES = YES;
				CLANG_ENABLE_OBJC_ARC = YES;
				CLANG_WARN_BOOL_CONVERSION = YES;
				CLANG_WARN_CONSTANT_CONVERSION = YES;
				CLANG_WARN_DIRECT_OBJC_ISA_USAGE = YES_ERROR;
				CLANG_WARN_EMPTY_BODY = YES;
				CLANG_WARN_ENUM_CONVERSION = YES;
				CLANG_WARN_INT_CONVERSION = YES;
				CLANG_WARN_OBJC_ROOT_CLASS = YES_ERROR;
				CLANG_WARN_UNREACHABLE_CODE = YES;
				CLANG_WARN__DUPLICATE_METHOD_MATCH = YES;
				"CODE_SIGN_IDENTITY[sdk=iphoneos*]" = "iPhone Developer";
				COPY_PHASE_STRIP = NO;
				DEBUG_INFORMATION_FORMAT = "dwarf-with-dsym";
				ENABLE_NS_ASSERTIONS = NO;
				ENABLE_STRICT_OBJC_MSGSEND = YES;
				GCC_C_LANGUAGE_STANDARD = gnu99;
				GCC_NO_COMMON_BLOCKS = YES;
				GCC_WARN_64_TO_32_BIT_CONVERSION = YES;
				GCC_WARN_ABOUT_RETURN_TYPE = YES_ERROR;
				GCC_WARN_UNDECLARED_SELECTOR = YES;
				GCC_WARN_UNINITIALIZED_AUTOS = YES_AGGRESSIVE;
				GCC_WARN_UNUSED_FUNCTION = YES;
				GCC_WARN_UNUSED_VARIABLE = YES;
				IPHONEOS_DEPLOYMENT_TARGET = 9.1;
				MTL_ENABLE_DEBUG_INFO = NO;
				SDKROOT = iphoneos;
				VALIDATE_PRODUCT = YES;
			};
			name = Release;
		};
		3440621E1C1996700042AF8A /* Debug */ = {
			isa = XCBuildConfiguration;
			buildSettings = {
				ASSETCATALOG_COMPILER_APPICON_NAME = AppIcon;
				INFOPLIST_FILE = Soceket/Info.plist;
				LD_RUNPATH_SEARCH_PATHS = "$(inherited) @executable_path/Frameworks";
				PRODUCT_BUNDLE_IDENTIFIER = com.ZhangXu.Soceket;
				PRODUCT_NAME = "$(TARGET_NAME)";
			};
			name = Debug;
		};
		3440621F1C1996700042AF8A /* Release */ = {
			isa = XCBuildConfiguration;
			buildSettings = {
				ASSETCATALOG_COMPILER_APPICON_NAME = AppIcon;
				INFOPLIST_FILE = Soceket/Info.plist;
				LD_RUNPATH_SEARCH_PATHS = "$(inherited) @executable_path/Frameworks";
				PRODUCT_BUNDLE_IDENTIFIER = com.ZhangXu.Soceket;
				PRODUCT_NAME = "$(TARGET_NAME)";
			};
			name = Release;
		};
		344062211C1996700042AF8A /* Debug */ = {
			isa = XCBuildConfiguration;
			buildSettings = {
				BUNDLE_LOADER = "$(TEST_HOST)";
				INFOPLIST_FILE = SoceketTests/Info.plist;
				LD_RUNPATH_SEARCH_PATHS = "$(inherited) @executable_path/Frameworks @loader_path/Frameworks";
				PRODUCT_BUNDLE_IDENTIFIER = com.ZhangXu.SoceketTests;
				PRODUCT_NAME = "$(TARGET_NAME)";
				TEST_HOST = "$(BUILT_PRODUCTS_DIR)/Soceket.app/Soceket";
			};
			name = Debug;
		};
		344062221C1996700042AF8A /* Release */ = {
			isa = XCBuildConfiguration;
			buildSettings = {
				BUNDLE_LOADER = "$(TEST_HOST)";
				INFOPLIST_FILE = SoceketTests/Info.plist;
				LD_RUNPATH_SEARCH_PATHS = "$(inherited) @executable_path/Frameworks @loader_path/Frameworks";
				PRODUCT_BUNDLE_IDENTIFIER = com.ZhangXu.SoceketTests;
				PRODUCT_NAME = "$(TARGET_NAME)";
				TEST_HOST = "$(BUILT_PRODUCTS_DIR)/Soceket.app/Soceket";
			};
			name = Release;
		};
		344062241C1996700042AF8A /* Debug */ = {
			isa = XCBuildConfiguration;
			buildSettings = {
				INFOPLIST_FILE = SoceketUITests/Info.plist;
				LD_RUNPATH_SEARCH_PATHS = "$(inherited) @executable_path/Frameworks @loader_path/Frameworks";
				PRODUCT_BUNDLE_IDENTIFIER = com.ZhangXu.SoceketUITests;
				PRODUCT_NAME = "$(TARGET_NAME)";
				TEST_TARGET_NAME = Soceket;
				USES_XCTRUNNER = YES;
			};
			name = Debug;
		};
		344062251C1996700042AF8A /* Release */ = {
			isa = XCBuildConfiguration;
			buildSettings = {
				INFOPLIST_FILE = SoceketUITests/Info.plist;
				LD_RUNPATH_SEARCH_PATHS = "$(inherited) @executable_path/Frameworks @loader_path/Frameworks";
				PRODUCT_BUNDLE_IDENTIFIER = com.ZhangXu.SoceketUITests;
				PRODUCT_NAME = "$(TARGET_NAME)";
				TEST_TARGET_NAME = Soceket;
				USES_XCTRUNNER = YES;
			};
			name = Release;
		};
/* End XCBuildConfiguration section */

/* Begin XCConfigurationList section */
		344061EB1C1996700042AF8A /* Build configuration list for PBXProject "Soceket" */ = {
			isa = XCConfigurationList;
			buildConfigurations = (
				3440621B1C1996700042AF8A /* Debug */,
				3440621C1C1996700042AF8A /* Release */,
			);
			defaultConfigurationIsVisible = 0;
			defaultConfigurationName = Release;
		};
		3440621D1C1996700042AF8A /* Build configuration list for PBXNativeTarget "Soceket" */ = {
			isa = XCConfigurationList;
			buildConfigurations = (
				3440621E1C1996700042AF8A /* Debug */,
				3440621F1C1996700042AF8A /* Release */,
			);
			defaultConfigurationIsVisible = 0;
		};
		344062201C1996700042AF8A /* Build configuration list for PBXNativeTarget "SoceketTests" */ = {
			isa = XCConfigurationList;
			buildConfigurations = (
				344062211C1996700042AF8A /* Debug */,
				344062221C1996700042AF8A /* Release */,
			);
			defaultConfigurationIsVisible = 0;
		};
		344062231C1996700042AF8A /* Build configuration list for PBXNativeTarget "SoceketUITests" */ = {
			isa = XCConfigurationList;
			buildConfigurations = (
				344062241C1996700042AF8A /* Debug */,
				344062251C1996700042AF8A /* Release */,
			);
			defaultConfigurationIsVisible = 0;
		};
/* End XCConfigurationList section */
	};
	rootObject = 344061E81C1996700042AF8A /* Project object */;
}
